
Microsoft Visual Studio Solution File, Format Version 12.00
# Visual Studio Version 16
VisualStudioVersion = 16.0.29403.142
MinimumVisualStudioVersion = 10.0.40219.1
Project("{FAE04EC0-301F-11D3-BF4B-00C04F79EFBC}") = "StreamingClassesFileSystem", "StreamingClassesFileSystem.csproj", "{692CB000-44D1-4030-8DE1-0BC7B02807B6}"
EndProject
Global
	GlobalSection(SolutionConfigurationPlatforms) = preSolution
		Debug|Any CPU = Debug|Any CPU
		Release|Any CPU = Release|Any CPU
	EndGlobalSection
	GlobalSection(ProjectConfigurationPlatforms) = postSolution
		{692CB000-44D1-4030-8DE1-0BC7B02807B6}.Debug|Any CPU.ActiveCfg = Debug|Any CPU
		{692CB000-44D1-4030-8DE1-0BC7B02807B6}.Debug|Any CPU.Build.0 = Debug|Any CPU
		{692CB000-44D1-4030-8DE1-0BC7B02807B6}.Release|Any CPU.ActiveCfg = Release|Any CPU
		{692CB000-44D1-4030-8DE1-0BC7B02807B6}.Release|Any CPU.Build.0 = Release|Any CPU
	EndGlobalSection
	GlobalSection(SolutionProperties) = preSolution
		HideSolutionNode = FALSE
	EndGlobalSection
	GlobalSection(ExtensibilityGlobals) = postSolution
		SolutionGuid = {BCFED07F-728D-4675-A53F-4ADE29BBFD66}
	EndGlobalSection
EndGlobal
